
Microsoft Visual Studio Solution File, Format Version 12.00
Project("{FAE04EC0-301F-11D3-BF4B-00C04F79EFBC}") = "ResultMonad", "ResultMonad.csproj", "{37A9DD42-B14B-4A85-BC4C-58EE9085C36A}"
EndProject
Global
	GlobalSection(SolutionConfigurationPlatforms) = preSolution
		Debug|Any CPU = Debug|Any CPU
		Release|Any CPU = Release|Any CPU
	EndGlobalSection
	GlobalSection(ProjectConfigurationPlatforms) = postSolution
		{37A9DD42-B14B-4A85-BC4C-58EE9085C36A}.Debug|Any CPU.ActiveCfg = Debug|Any CPU
		{37A9DD42-B14B-4A85-BC4C-58EE9085C36A}.Debug|Any CPU.Build.0 = Debug|Any CPU
		{37A9DD42-B14B-4A85-BC4C-58EE9085C36A}.Release|Any CPU.ActiveCfg = Release|Any CPU
		{37A9DD42-B14B-4A85-BC4C-58EE9085C36A}.Release|Any CPU.Build.0 = Release|Any CPU
	EndGlobalSection
EndGlobal
